
Microsoft Visual Studio Solution File, Format Version 12.00
# Visual Studio 15
Project("{FAE04EC0-301F-11D3-BF4B-00C04F79EFBC}") = "TP1_DevWebAppASPNET", "TP1_DevWebAppASPNET\TP1_DevWebAppASPNET.csproj", "{081F7035-5395-4C3B-B3CB-8BBF7AB0A5E2}"
EndProject
Project("{FAE04EC0-301F-11D3-BF4B-00C04F79EFBC}") = "Domain", "Domain\Domain.csproj", "{691EDB37-CB1F-4F8A-9935-6869D36776DF}"
EndProject
Project("{FAE04EC0-301F-11D3-BF4B-00C04F79EFBC}") = "Repository", "Repository\Repository.csproj", "{5357DFE8-98C2-47B7-9679-702E41543042}"
EndProject
Project("{FAE04EC0-301F-11D3-BF4B-00C04F79EFBC}") = "API", "API\API.csproj", "{D6463A01-15BA-47DD-97A1-545833D762CE}"
EndProject
Global
	GlobalSection(SolutionConfigurationPlatforms) = preSolution
		Debug|Any CPU = Debug|Any CPU
		Release|Any CPU = Release|Any CPU
	EndGlobalSection
	GlobalSection(ProjectConfigurationPlatforms) = postSolution
		{081F7035-5395-4C3B-B3CB-8BBF7AB0A5E2}.Debug|Any CPU.ActiveCfg = Debug|Any CPU
		{081F7035-5395-4C3B-B3CB-8BBF7AB0A5E2}.Debug|Any CPU.Build.0 = Debug|Any CPU
		{081F7035-5395-4C3B-B3CB-8BBF7AB0A5E2}.Release|Any CPU.ActiveCfg = Release|Any CPU
		{081F7035-5395-4C3B-B3CB-8BBF7AB0A5E2}.Release|Any CPU.Build.0 = Release|Any CPU
		{691EDB37-CB1F-4F8A-9935-6869D36776DF}.Debug|Any CPU.ActiveCfg = Debug|Any CPU
		{691EDB37-CB1F-4F8A-9935-6869D36776DF}.Debug|Any CPU.Build.0 = Debug|Any CPU
		{691EDB37-CB1F-4F8A-9935-6869D36776DF}.Release|Any CPU.ActiveCfg = Release|Any CPU
		{691EDB37-CB1F-4F8A-9935-6869D36776DF}.Release|Any CPU.Build.0 = Release|Any CPU
		{5357DFE8-98C2-47B7-9679-702E41543042}.Debug|Any CPU.ActiveCfg = Debug|Any CPU
		{5357DFE8-98C2-47B7-9679-702E41543042}.Debug|Any CPU.Build.0 = Debug|Any CPU
		{5357DFE8-98C2-47B7-9679-702E41543042}.Release|Any CPU.ActiveCfg = Release|Any CPU
		{5357DFE8-98C2-47B7-9679-702E41543042}.Release|Any CPU.Build.0 = Release|Any CPU
		{D6463A01-15BA-47DD-97A1-545833D762CE}.Debug|Any CPU.ActiveCfg = Debug|Any CPU
		{D6463A01-15BA-47DD-97A1-545833D762CE}.Debug|Any CPU.Build.0 = Debug|Any CPU
		{D6463A01-15BA-47DD-97A1-545833D762CE}.Release|Any CPU.ActiveCfg = Release|Any CPU
		{D6463A01-15BA-47DD-97A1-545833D762CE}.Release|Any CPU.Build.0 = Release|Any CPU
	EndGlobalSection
EndGlobal
